
Microsoft Visual Studio Solution File, Format Version 12.00
# Visual Studio 15
VisualStudioVersion = 15.0.28307.757
MinimumVisualStudioVersion = 10.0.40219.1
Project("{FAE04EC0-301F-11D3-BF4B-00C04F79EFBC}") = "ScreenshotTestOne", "ScreenshotTestOne\ScreenshotTestOne.csproj", "{D5BB0EB0-124F-4392-9FAB-8A283304958C}"
EndProject
Global
	GlobalSection(SolutionConfigurationPlatforms) = preSolution
		Debug|Any CPU = Debug|Any CPU
		Release|Any CPU = Release|Any CPU
	EndGlobalSection
	GlobalSection(ProjectConfigurationPlatforms) = postSolution
		{D5BB0EB0-124F-4392-9FAB-8A283304958C}.Debug|Any CPU.ActiveCfg = Debug|Any CPU
		{D5BB0EB0-124F-4392-9FAB-8A283304958C}.Debug|Any CPU.Build.0 = Debug|Any CPU
		{D5BB0EB0-124F-4392-9FAB-8A283304958C}.Release|Any CPU.ActiveCfg = Release|Any CPU
		{D5BB0EB0-124F-4392-9FAB-8A283304958C}.Release|Any CPU.Build.0 = Release|Any CPU
	EndGlobalSection
	GlobalSection(SolutionProperties) = preSolution
		HideSolutionNode = FALSE
	EndGlobalSection
	GlobalSection(ExtensibilityGlobals) = postSolution
		SolutionGuid = {9238744E-5B5E-4770-877C-7E8B0AEA67C1}
	EndGlobalSection
EndGlobal
